
Microsoft Visual Studio Solution File, Format Version 12.00
# Visual Studio Version 16
VisualStudioVersion = 16.0.32002.261
MinimumVisualStudioVersion = 10.0.40219.1
Project("{FAE04EC0-301F-11D3-BF4B-00C04F79EFBC}") = "DnD_Helper", "DnD_Helper\DnD_Helper.csproj", "{2A4996F0-72F5-4B08-8E01-9634F37B0C11}"
EndProject
Global
	GlobalSection(SolutionConfigurationPlatforms) = preSolution
		Debug|Any CPU = Debug|Any CPU
		Release|Any CPU = Release|Any CPU
	EndGlobalSection
	GlobalSection(ProjectConfigurationPlatforms) = postSolution
		{2A4996F0-72F5-4B08-8E01-9634F37B0C11}.Debug|Any CPU.ActiveCfg = Debug|Any CPU
		{2A4996F0-72F5-4B08-8E01-9634F37B0C11}.Debug|Any CPU.Build.0 = Debug|Any CPU
		{2A4996F0-72F5-4B08-8E01-9634F37B0C11}.Release|Any CPU.ActiveCfg = Release|Any CPU
		{2A4996F0-72F5-4B08-8E01-9634F37B0C11}.Release|Any CPU.Build.0 = Release|Any CPU
	EndGlobalSection
	GlobalSection(SolutionProperties) = preSolution
		HideSolutionNode = FALSE
	EndGlobalSection
	GlobalSection(ExtensibilityGlobals) = postSolution
		SolutionGuid = {0650D033-F268-4912-B077-70DDAA001995}
	EndGlobalSection
EndGlobal
